
Microsoft Visual Studio Solution File, Format Version 12.00
# Visual Studio Version 17
VisualStudioVersion = 17.2.32630.192
MinimumVisualStudioVersion = 10.0.40219.1
Project("{FAE04EC0-301F-11D3-BF4B-00C04F79EFBC}") = "Quan_ly_sach", "Quan_ly_sach\Quan_ly_sach.csproj", "{B1475A22-2189-424B-9066-F87F4696AB41}"
EndProject
Global
	GlobalSection(SolutionConfigurationPlatforms) = preSolution
		Debug|Any CPU = Debug|Any CPU
		Release|Any CPU = Release|Any CPU
	EndGlobalSection
	GlobalSection(ProjectConfigurationPlatforms) = postSolution
		{B1475A22-2189-424B-9066-F87F4696AB41}.Debug|Any CPU.ActiveCfg = Debug|Any CPU
		{B1475A22-2189-424B-9066-F87F4696AB41}.Debug|Any CPU.Build.0 = Debug|Any CPU
		{B1475A22-2189-424B-9066-F87F4696AB41}.Release|Any CPU.ActiveCfg = Release|Any CPU
		{B1475A22-2189-424B-9066-F87F4696AB41}.Release|Any CPU.Build.0 = Release|Any CPU
	EndGlobalSection
	GlobalSection(SolutionProperties) = preSolution
		HideSolutionNode = FALSE
	EndGlobalSection
	GlobalSection(ExtensibilityGlobals) = postSolution
		SolutionGuid = {670D7E74-15CB-425D-99A6-5CD4C57BBEEB}
	EndGlobalSection
EndGlobal
